// !$*UTF8*$!
{
	archiveVersion = 1;
	classes = {
	};
	objectVersion = 48;
	objects = {

/* Begin PBXBuildFile section */
		2469BB96208571AE005067D5 /* GameData.swift in Sources */ = {isa = PBXBuildFile; fileRef = 2469BB95208571AE005067D5 /* GameData.swift */; };
		24CEFA84207C5C1F00F3804E /* AppDelegate.swift in Sources */ = {isa = PBXBuildFile; fileRef = 24CEFA83207C5C1F00F3804E /* AppDelegate.swift */; };
		24CEFA8A207C5C1F00F3804E /* GameScene.swift in Sources */ = {isa = PBXBuildFile; fileRef = 24CEFA89207C5C1F00F3804E /* GameScene.swift */; };
		24CEFA8C207C5C1F00F3804E /* GameViewController.swift in Sources */ = {isa = PBXBuildFile; fileRef = 24CEFA8B207C5C1F00F3804E /* GameViewController.swift */; };
		24CEFA8F207C5C1F00F3804E /* Main.storyboard in Resources */ = {isa = PBXBuildFile; fileRef = 24CEFA8D207C5C1F00F3804E /* Main.storyboard */; };
		24CEFA91207C5C1F00F3804E /* Assets.xcassets in Resources */ = {isa = PBXBuildFile; fileRef = 24CEFA90207C5C1F00F3804E /* Assets.xcassets */; };
		24CEFA94207C5C1F00F3804E /* LaunchScreen.storyboard in Resources */ = {isa = PBXBuildFile; fileRef = 24CEFA92207C5C1F00F3804E /* LaunchScreen.storyboard */; };
		24CEFA9E207C624300F3804E /* Player.swift in Sources */ = {isa = PBXBuildFile; fileRef = 24CEFA9D207C624300F3804E /* Player.swift */; };
		24CEFAA0207C7AFB00F3804E /* Camera.swift in Sources */ = {isa = PBXBuildFile; fileRef = 24CEFA9F207C7AFB00F3804E /* Camera.swift */; };
		3FA24E4F2080184E005BCB4A /* LevelManager.swift in Sources */ = {isa = PBXBuildFile; fileRef = 3FA24E4E2080184E005BCB4A /* LevelManager.swift */; };
/* End PBXBuildFile section */

/* Begin PBXFileReference section */
		2469BB95208571AE005067D5 /* GameData.swift */ = {isa = PBXFileReference; lastKnownFileType = sourcecode.swift; path = GameData.swift; sourceTree = "<group>"; };
		24CEFA80207C5C1F00F3804E /* EndlessDarkness.app */ = {isa = PBXFileReference; explicitFileType = wrapper.application; includeInIndex = 0; path = EndlessDarkness.app; sourceTree = BUILT_PRODUCTS_DIR; };
		24CEFA83207C5C1F00F3804E /* AppDelegate.swift */ = {isa = PBXFileReference; lastKnownFileType = sourcecode.swift; path = AppDelegate.swift; sourceTree = "<group>"; };
		24CEFA89207C5C1F00F3804E /* GameScene.swift */ = {isa = PBXFileReference; lastKnownFileType = sourcecode.swift; path = GameScene.swift; sourceTree = "<group>"; };
		24CEFA8B207C5C1F00F3804E /* GameViewController.swift */ = {isa = PBXFileReference; lastKnownFileType = sourcecode.swift; path = GameViewController.swift; sourceTree = "<group>"; };
		24CEFA8E207C5C1F00F3804E /* Base */ = {isa = PBXFileReference; lastKnownFileType = file.storyboard; name = Base; path = Base.lproj/Main.storyboard; sourceTree = "<group>"; };
		24CEFA90207C5C1F00F3804E /* Assets.xcassets */ = {isa = PBXFileReference; lastKnownFileType = folder.assetcatalog; path = Assets.xcassets; sourceTree = "<group>"; };
		24CEFA93207C5C1F00F3804E /* Base */ = {isa = PBXFileReference; lastKnownFileType = file.storyboard; name = Base; path = Base.lproj/LaunchScreen.storyboard; sourceTree = "<group>"; };
		24CEFA95207C5C1F00F3804E /* Info.plist */ = {isa = PBXFileReference; lastKnownFileType = text.plist.xml; path = Info.plist; sourceTree = "<group>"; };
		24CEFA9D207C624300F3804E /* Player.swift */ = {isa = PBXFileReference; lastKnownFileType = sourcecode.swift; path = Player.swift; sourceTree = "<group>"; };
		24CEFA9F207C7AFB00F3804E /* Camera.swift */ = {isa = PBXFileReference; lastKnownFileType = sourcecode.swift; path = Camera.swift; sourceTree = "<group>"; };
		3FA24E4E2080184E005BCB4A /* LevelManager.swift */ = {isa = PBXFileReference; lastKnownFileType = sourcecode.swift; path = LevelManager.swift; sourceTree = "<group>"; };
/* End PBXFileReference section */

/* Begin PBXFrameworksBuildPhase section */
		24CEFA7D207C5C1F00F3804E /* Frameworks */ = {
			isa = PBXFrameworksBuildPhase;
			buildActionMask = 2147483647;
			files = (
			);
			runOnlyForDeploymentPostprocessing = 0;
		};
/* End PBXFrameworksBuildPhase section */

/* Begin PBXGroup section */
		24CEFA77207C5C1F00F3804E = {
			isa = PBXGroup;
			children = (
				24CEFA82207C5C1F00F3804E /* EndlessDarkness */,
				24CEFA81207C5C1F00F3804E /* Products */,
			);
			sourceTree = "<group>";
		};
		24CEFA81207C5C1F00F3804E /* Products */ = {
			isa = PBXGroup;
			children = (
				24CEFA80207C5C1F00F3804E /* EndlessDarkness.app */,
			);
			name = Products;
			sourceTree = "<group>";
		};
		24CEFA82207C5C1F00F3804E /* EndlessDarkness */ = {
			isa = PBXGroup;
			children = (
				24CEFA83207C5C1F00F3804E /* AppDelegate.swift */,
				24CEFA89207C5C1F00F3804E /* GameScene.swift */,
				24CEFA8B207C5C1F00F3804E /* GameViewController.swift */,
				24CEFA9D207C624300F3804E /* Player.swift */,
				24CEFA9F207C7AFB00F3804E /* Camera.swift */,
				3FA24E4E2080184E005BCB4A /* LevelManager.swift */,
				2469BB95208571AE005067D5 /* GameData.swift */,
				24CEFA8D207C5C1F00F3804E /* Main.storyboard */,
				24CEFA90207C5C1F00F3804E /* Assets.xcassets */,
				24CEFA92207C5C1F00F3804E /* LaunchScreen.storyboard */,
				24CEFA95207C5C1F00F3804E /* Info.plist */,
			);
			path = EndlessDarkness;
			sourceTree = "<group>";
		};
/* End PBXGroup section */

/* Begin PBXNativeTarget section */
		24CEFA7F207C5C1F00F3804E /* EndlessDarkness */ = {
			isa = PBXNativeTarget;
			buildConfigurationList = 24CEFA98207C5C1F00F3804E /* Build configuration list for PBXNativeTarget "EndlessDarkness" */;
			buildPhases = (
				24CEFA7C207C5C1F00F3804E /* Sources */,
				24CEFA7D207C5C1F00F3804E /* Frameworks */,
				24CEFA7E207C5C1F00F3804E /* Resources */,
			);
			buildRules = (
			);
			dependencies = (
			);
			name = EndlessDarkness;
			productName = EndlessDarkness;
			productReference = 24CEFA80207C5C1F00F3804E /* EndlessDarkness.app */;
			productType = "com.apple.product-type.application";
		};
/* End PBXNativeTarget section */

/* Begin PBXProject section */
		24CEFA78207C5C1F00F3804E /* Project object */ = {
			isa = PBXProject;
			attributes = {
				LastSwiftUpdateCheck = 0920;
				LastUpgradeCheck = 0920;
				ORGANIZATIONNAME = "Peter Woodsum (RIT Student)";
				TargetAttributes = {
					24CEFA7F207C5C1F00F3804E = {
						CreatedOnToolsVersion = 9.2;
						ProvisioningStyle = Automatic;
					};
				};
			};
			buildConfigurationList = 24CEFA7B207C5C1F00F3804E /* Build configuration list for PBXProject "EndlessDarkness" */;
			compatibilityVersion = "Xcode 8.0";
			developmentRegion = en;
			hasScannedForEncodings = 0;
			knownRegions = (
				en,
				Base,
			);
			mainGroup = 24CEFA77207C5C1F00F3804E;
			productRefGroup = 24CEFA81207C5C1F00F3804E /* Products */;
			projectDirPath = "";
			projectRoot = "";
			targets = (
				24CEFA7F207C5C1F00F3804E /* EndlessDarkness */,
			);
		};
/* End PBXProject section */

/* Begin PBXResourcesBuildPhase section */
		24CEFA7E207C5C1F00F3804E /* Resources */ = {
			isa = PBXResourcesBuildPhase;
			buildActionMask = 2147483647;
			files = (
				24CEFA8F207C5C1F00F3804E /* Main.storyboard in Resources */,
				24CEFA91207C5C1F00F3804E /* Assets.xcassets in Resources */,
				24CEFA94207C5C1F00F3804E /* LaunchScreen.storyboard in Resources */,
			);
			runOnlyForDeploymentPostprocessing = 0;
		};
/* End PBXResourcesBuildPhase section */

/* Begin PBXSourcesBuildPhase section */
		24CEFA7C207C5C1F00F3804E /* Sources */ = {
			isa = PBXSourcesBuildPhase;
			buildActionMask = 2147483647;
			files = (
				24CEFA8A207C5C1F00F3804E /* GameScene.swift in Sources */,
				24CEFAA0207C7AFB00F3804E /* Camera.swift in Sources */,
				24CEFA8C207C5C1F00F3804E /* GameViewController.swift in Sources */,
				24CEFA9E207C624300F3804E /* Player.swift in Sources */,
				2469BB96208571AE005067D5 /* GameData.swift in Sources */,
				3FA24E4F2080184E005BCB4A /* LevelManager.swift in Sources */,
				24CEFA84207C5C1F00F3804E /* AppDelegate.swift in Sources */,
			);
			runOnlyForDeploymentPostprocessing = 0;
		};
/* End PBXSourcesBuildPhase section */

/* Begin PBXVariantGroup section */
		24CEFA8D207C5C1F00F3804E /* Main.storyboard */ = {
			isa = PBXVariantGroup;
			children = (
				24CEFA8E207C5C1F00F3804E /* Base */,
			);
			name = Main.storyboard;
			sourceTree = "<group>";
		};
		24CEFA92207C5C1F00F3804E /* LaunchScreen.storyboard */ = {
			isa = PBXVariantGroup;
			children = (
				24CEFA93207C5C1F00F3804E /* Base */,
			);
			name = LaunchScreen.storyboard;
			sourceTree = "<group>";
		};
/* End PBXVariantGroup section */

/* Begin XCBuildConfiguration section */
		24CEFA96207C5C1F00F3804E /* Debug */ = {
			isa = XCBuildConfiguration;
			buildSettings = {
				ALWAYS_SEARCH_USER_PATHS = NO;
				CLANG_ANALYZER_NONNULL = YES;
				CLANG_ANALYZER_NUMBER_OBJECT_CONVERSION = YES_AGGRESSIVE;
				CLANG_CXX_LANGUAGE_STANDARD = "gnu++14";
				CLANG_CXX_LIBRARY = "libc++";
				CLANG_ENABLE_MODULES = YES;
				CLANG_ENABLE_OBJC_ARC = YES;
				CLANG_WARN_BLOCK_CAPTURE_AUTORELEASING = YES;
				CLANG_WARN_BOOL_CONVERSION = YES;
				CLANG_WARN_COMMA = YES;
				CLANG_WARN_CONSTANT_CONVERSION = YES;
				CLANG_WARN_DIRECT_OBJC_ISA_USAGE = YES_ERROR;
				CLANG_WARN_DOCUMENTATION_COMMENTS = YES;
				CLANG_WARN_EMPTY_BODY = YES;
				CLANG_WARN_ENUM_CONVERSION = YES;
				CLANG_WARN_INFINITE_RECURSION = YES;
				CLANG_WARN_INT_CONVERSION = YES;
				CLANG_WARN_NON_LITERAL_NULL_CONVERSION = YES;
				CLANG_WARN_OBJC_LITERAL_CONVERSION = YES;
				CLANG_WARN_OBJC_ROOT_CLASS = YES_ERROR;
				CLANG_WARN_RANGE_LOOP_ANALYSIS = YES;
				CLANG_WARN_STRICT_PROTOTYPES = YES;
				CLANG_WARN_SUSPICIOUS_MOVE = YES;
				CLANG_WARN_UNGUARDED_AVAILABILITY = YES_AGGRESSIVE;
				CLANG_WARN_UNREACHABLE_CODE = YES;
				CLANG_WARN__DUPLICATE_METHOD_MATCH = YES;
				CODE_SIGN_IDENTITY = "iPhone Developer";
				COPY_PHASE_STRIP = NO;
				DEBUG_INFORMATION_FORMAT = dwarf;
				ENABLE_STRICT_OBJC_MSGSEND = YES;
				ENABLE_TESTABILITY = YES;
				GCC_C_LANGUAGE_STANDARD = gnu11;
				GCC_DYNAMIC_NO_PIC = NO;
				GCC_NO_COMMON_BLOCKS = YES;
				GCC_OPTIMIZATION_LEVEL = 0;
				GCC_PREPROCESSOR_DEFINITIONS = (
					"DEBUG=1",
					"$(inherited)",
				);
				GCC_WARN_64_TO_32_BIT_CONVERSION = YES;
				GCC_WARN_ABOUT_RETURN_TYPE = YES_ERROR;
				GCC_WARN_UNDECLARED_SELECTOR = YES;
				GCC_WARN_UNINITIALIZED_AUTOS = YES_AGGRESSIVE;
				GCC_WARN_UNUSED_FUNCTION = YES;
				GCC_WARN_UNUSED_VARIABLE = YES;
				IPHONEOS_DEPLOYMENT_TARGET = 11.2;
				MTL_ENABLE_DEBUG_INFO = YES;
				ONLY_ACTIVE_ARCH = YES;
				SDKROOT = iphoneos;
				SWIFT_ACTIVE_COMPILATION_CONDITIONS = DEBUG;
				SWIFT_OPTIMIZATION_LEVEL = "-Onone";
			};
			name = Debug;
		};
		24CEFA97207C5C1F00F3804E /* Release */ = {
			isa = XCBuildConfiguration;
			buildSettings = {
				ALWAYS_SEARCH_USER_PATHS = NO;
				CLANG_ANALYZER_NONNULL = YES;
				CLANG_ANALYZER_NUMBER_OBJECT_CONVERSION = YES_AGGRESSIVE;
				CLANG_CXX_LANGUAGE_STANDARD = "gnu++14";
				CLANG_CXX_LIBRARY = "libc++";
				CLANG_ENABLE_MODULES = YES;
				CLANG_ENABLE_OBJC_ARC = YES;
				CLANG_WARN_BLOCK_CAPTURE_AUTORELEASING = YES;
				CLANG_WARN_BOOL_CONVERSION = YES;
				CLANG_WARN_COMMA = YES;
				CLANG_WARN_CONSTANT_CONVERSION = YES;
				CLANG_WARN_DIRECT_OBJC_ISA_USAGE = YES_ERROR;
				CLANG_WARN_DOCUMENTATION_COMMENTS = YES;
				CLANG_WARN_EMPTY_BODY = YES;
				CLANG_WARN_ENUM_CONVERSION = YES;
				CLANG_WARN_INFINITE_RECURSION = YES;
				CLANG_WARN_INT_CONVERSION = YES;
				CLANG_WARN_NON_LITERAL_NULL_CONVERSION = YES;
				CLANG_WARN_OBJC_LITERAL_CONVERSION = YES;
				CLANG_WARN_OBJC_ROOT_CLASS = YES_ERROR;
				CLANG_WARN_RANGE_LOOP_ANALYSIS = YES;
				CLANG_WARN_STRICT_PROTOTYPES = YES;
				CLANG_WARN_SUSPICIOUS_MOVE = YES;
				CLANG_WARN_UNGUARDED_AVAILABILITY = YES_AGGRESSIVE;
				CLANG_WARN_UNREACHABLE_CODE = YES;
				CLANG_WARN__DUPLICATE_METHOD_MATCH = YES;
				CODE_SIGN_IDENTITY = "iPhone Developer";
				COPY_PHASE_STRIP = NO;
				DEBUG_INFORMATION_FORMAT = "dwarf-with-dsym";
				ENABLE_NS_ASSERTIONS = NO;
				ENABLE_STRICT_OBJC_MSGSEND = YES;
				GCC_C_LANGUAGE_STANDARD = gnu11;
				GCC_NO_COMMON_BLOCKS = YES;
				GCC_WARN_64_TO_32_BIT_CONVERSION = YES;
				GCC_WARN_ABOUT_RETURN_TYPE = YES_ERROR;
				GCC_WARN_UNDECLARED_SELECTOR = YES;
				GCC_WARN_UNINITIALIZED_AUTOS = YES_AGGRESSIVE;
				GCC_WARN_UNUSED_FUNCTION = YES;
				GCC_WARN_UNUSED_VARIABLE = YES;
				IPHONEOS_DEPLOYMENT_TARGET = 11.2;
				MTL_ENABLE_DEBUG_INFO = NO;
				SDKROOT = iphoneos;
				SWIFT_OPTIMIZATION_LEVEL = "-Owholemodule";
				VALIDATE_PRODUCT = YES;
			};
			name = Release;
		};
		24CEFA99207C5C1F00F3804E /* Debug */ = {
			isa = XCBuildConfiguration;
			buildSettings = {
				ASSETCATALOG_COMPILER_APPICON_NAME = AppIcon;
				CODE_SIGN_STYLE = Automatic;
				DEVELOPMENT_TEAM = H97NN297Z6;
				INFOPLIST_FILE = EndlessDarkness/Info.plist;
				LD_RUNPATH_SEARCH_PATHS = "$(inherited) @executable_path/Frameworks";
				PRODUCT_BUNDLE_IDENTIFIER = com.pwoodsum.EndlessDarkness;
				PRODUCT_NAME = "$(TARGET_NAME)";
				SWIFT_VERSION = 4.0;
				TARGETED_DEVICE_FAMILY = "1,2";
			};
			name = Debug;
		};
		24CEFA9A207C5C1F00F3804E /* Release */ = {
			isa = XCBuildConfiguration;
			buildSettings = {
				ASSETCATALOG_COMPILER_APPICON_NAME = AppIcon;
				CODE_SIGN_STYLE = Automatic;
				DEVELOPMENT_TEAM = H97NN297Z6;
				INFOPLIST_FILE = EndlessDarkness/Info.plist;
				LD_RUNPATH_SEARCH_PATHS = "$(inherited) @executable_path/Frameworks";
				PRODUCT_BUNDLE_IDENTIFIER = com.pwoodsum.EndlessDarkness;
				PRODUCT_NAME = "$(TARGET_NAME)";
				SWIFT_VERSION = 4.0;
				TARGETED_DEVICE_FAMILY = "1,2";
			};
			name = Release;
		};
/* End XCBuildConfiguration section */

/* Begin XCConfigurationList section */
		24CEFA7B207C5C1F00F3804E /* Build configuration list for PBXProject "EndlessDarkness" */ = {
			isa = XCConfigurationList;
			buildConfigurations = (
				24CEFA96207C5C1F00F3804E /* Debug */,
				24CEFA97207C5C1F00F3804E /* Release */,
			);
			defaultConfigurationIsVisible = 0;
			defaultConfigurationName = Release;
		};
		24CEFA98207C5C1F00F3804E /* Build configuration list for PBXNativeTarget "EndlessDarkness" */ = {
			isa = XCConfigurationList;
			buildConfigurations = (
				24CEFA99207C5C1F00F3804E /* Debug */,
				24CEFA9A207C5C1F00F3804E /* Release */,
			);
			defaultConfigurationIsVisible = 0;
			defaultConfigurationName = Release;
		};
/* End XCConfigurationList section */
	};
	rootObject = 24CEFA78207C5C1F00F3804E /* Project object */;
}
